
Microsoft Visual Studio Solution File, Format Version 12.00
# Visual Studio Version 16
VisualStudioVersion = 16.0.30114.105
MinimumVisualStudioVersion = 10.0.40219.1
Project("{FAE04EC0-301F-11D3-BF4B-00C04F79EFBC}") = "StarWars", "StarWars\StarWars.csproj", "{FDB6F297-3EA4-4FB5-9797-1CA69D678801}"
EndProject
Global
	GlobalSection(SolutionConfigurationPlatforms) = preSolution
		Debug|Any CPU = Debug|Any CPU
		Release|Any CPU = Release|Any CPU
	EndGlobalSection
	GlobalSection(ProjectConfigurationPlatforms) = postSolution
		{FDB6F297-3EA4-4FB5-9797-1CA69D678801}.Debug|Any CPU.ActiveCfg = Debug|Any CPU
		{FDB6F297-3EA4-4FB5-9797-1CA69D678801}.Debug|Any CPU.Build.0 = Debug|Any CPU
		{FDB6F297-3EA4-4FB5-9797-1CA69D678801}.Release|Any CPU.ActiveCfg = Release|Any CPU
		{FDB6F297-3EA4-4FB5-9797-1CA69D678801}.Release|Any CPU.Build.0 = Release|Any CPU
	EndGlobalSection
	GlobalSection(SolutionProperties) = preSolution
		HideSolutionNode = FALSE
	EndGlobalSection
	GlobalSection(ExtensibilityGlobals) = postSolution
		SolutionGuid = {0F662602-5547-497B-B83D-B49A7BB47721}
	EndGlobalSection
EndGlobal
